{
  "name": "@bit/primefaces.primereact.tooltip",
  "version": "4.2.0",
  "lockfileVersion": 1,
  "requires": true,
  "dependencies": {
    "@bit/primefaces.primereact.utils.dom-handler": {
      "version": "4.2.0",
      "resolved": "https://node.bit.dev/primefaces.primereact.utils.dom-handler/-/primefaces.primereact.utils.dom-handler-4.2.0.tgz",
      "integrity": "sha1-frWEwxCpui4qy/E+ea6P0PPEBqM="
    }
  }
}
